
Microsoft Visual Studio Solution File, Format Version 12.00
# Visual Studio Version 16
VisualStudioVersion = 16.0.29926.136
MinimumVisualStudioVersion = 10.0.40219.1
Project("{FAE04EC0-301F-11D3-BF4B-00C04F79EFBC}") = "Dashboard", "Dashboard\Dashboard.csproj", "{6DDD8CD6-65CB-4B09-86DD-D31131A6F620}"
EndProject
Global
	GlobalSection(SolutionConfigurationPlatforms) = preSolution
		Debug|Any CPU = Debug|Any CPU
		Release|Any CPU = Release|Any CPU
	EndGlobalSection
	GlobalSection(ProjectConfigurationPlatforms) = postSolution
		{6DDD8CD6-65CB-4B09-86DD-D31131A6F620}.Debug|Any CPU.ActiveCfg = Debug|Any CPU
		{6DDD8CD6-65CB-4B09-86DD-D31131A6F620}.Debug|Any CPU.Build.0 = Debug|Any CPU
		{6DDD8CD6-65CB-4B09-86DD-D31131A6F620}.Release|Any CPU.ActiveCfg = Release|Any CPU
		{6DDD8CD6-65CB-4B09-86DD-D31131A6F620}.Release|Any CPU.Build.0 = Release|Any CPU
	EndGlobalSection
	GlobalSection(SolutionProperties) = preSolution
		HideSolutionNode = FALSE
	EndGlobalSection
	GlobalSection(ExtensibilityGlobals) = postSolution
		SolutionGuid = {D50D761C-699B-405A-81C1-2565E91A7D87}
	EndGlobalSection
EndGlobal
